
Microsoft Visual Studio Solution File, Format Version 12.00
# Visual Studio 15
VisualStudioVersion = 15.0.28307.705
MinimumVisualStudioVersion = 10.0.40219.1
Project("{FAE04EC0-301F-11D3-BF4B-00C04F79EFBC}") = "fodcsharptests", "fodcsharptests\fodcsharptests.csproj", "{BBACD583-F803-43DC-91B6-09B2D1726E8B}"
EndProject
Global
	GlobalSection(SolutionConfigurationPlatforms) = preSolution
		Debug|Any CPU = Debug|Any CPU
		Release|Any CPU = Release|Any CPU
	EndGlobalSection
	GlobalSection(ProjectConfigurationPlatforms) = postSolution
		{BBACD583-F803-43DC-91B6-09B2D1726E8B}.Debug|Any CPU.ActiveCfg = Debug|Any CPU
		{BBACD583-F803-43DC-91B6-09B2D1726E8B}.Debug|Any CPU.Build.0 = Debug|Any CPU
		{BBACD583-F803-43DC-91B6-09B2D1726E8B}.Release|Any CPU.ActiveCfg = Release|Any CPU
		{BBACD583-F803-43DC-91B6-09B2D1726E8B}.Release|Any CPU.Build.0 = Release|Any CPU
	EndGlobalSection
	GlobalSection(SolutionProperties) = preSolution
		HideSolutionNode = FALSE
	EndGlobalSection
	GlobalSection(ExtensibilityGlobals) = postSolution
		SolutionGuid = {02C4DF22-B225-4D63-87E7-A9257DDC04BC}
	EndGlobalSection
EndGlobal
